// !$*UTF8*$!
{
	archiveVersion = 1;
	classes = {
	};
	objectVersion = 55;
	objects = {

/* Begin PBXBuildFile section */
		4552176D277C6F7B005CB18B /* webviewcontroller.swift in Sources */ = {isa = PBXBuildFile; fileRef = 4552176C277C6F7B005CB18B /* webviewcontroller.swift */; };
		4552176F277C75C8005CB18B /* Userscript.js in Resources */ = {isa = PBXBuildFile; fileRef = 4552176E277C75C8005CB18B /* Userscript.js */; };
		4566BACC277722170031CAD6 /* Image-2.jpeg in Resources */ = {isa = PBXBuildFile; fileRef = 4566BACB277722170031CAD6 /* Image-2.jpeg */; };
		4566BACE2777224B0031CAD6 /* Image.jpeg in Resources */ = {isa = PBXBuildFile; fileRef = 4566BACD2777224B0031CAD6 /* Image.jpeg */; };
		4574A81C277486FE00736FDE /* login_ViewController.swift in Sources */ = {isa = PBXBuildFile; fileRef = 4574A81B277486FE00736FDE /* login_ViewController.swift */; };
		4574A81E2774A99B00736FDE /* Logo1png.png in Resources */ = {isa = PBXBuildFile; fileRef = 4574A81D2774A99B00736FDE /* Logo1png.png */; };
		45D54C482768A8F000DEDBE3 /* AppDelegate.swift in Sources */ = {isa = PBXBuildFile; fileRef = 45D54C472768A8F000DEDBE3 /* AppDelegate.swift */; };
		45D54C4A2768A8F000DEDBE3 /* SceneDelegate.swift in Sources */ = {isa = PBXBuildFile; fileRef = 45D54C492768A8F000DEDBE3 /* SceneDelegate.swift */; };
		45D54C4C2768A8F000DEDBE3 /* ViewController.swift in Sources */ = {isa = PBXBuildFile; fileRef = 45D54C4B2768A8F000DEDBE3 /* ViewController.swift */; };
		45D54C4F2768A8F000DEDBE3 /* Main.storyboard in Resources */ = {isa = PBXBuildFile; fileRef = 45D54C4D2768A8F000DEDBE3 /* Main.storyboard */; };
		45D54C512768A8F100DEDBE3 /* Assets.xcassets in Resources */ = {isa = PBXBuildFile; fileRef = 45D54C502768A8F100DEDBE3 /* Assets.xcassets */; };
		45D54C542768A8F100DEDBE3 /* LaunchScreen.storyboard in Resources */ = {isa = PBXBuildFile; fileRef = 45D54C522768A8F100DEDBE3 /* LaunchScreen.storyboard */; };
		45D54C5F2768A8F100DEDBE3 /* vivantnewTests.swift in Sources */ = {isa = PBXBuildFile; fileRef = 45D54C5E2768A8F100DEDBE3 /* vivantnewTests.swift */; };
		45D54C692768A8F100DEDBE3 /* vivantnewUITests.swift in Sources */ = {isa = PBXBuildFile; fileRef = 45D54C682768A8F100DEDBE3 /* vivantnewUITests.swift */; };
		45D54C6B2768A8F100DEDBE3 /* vivantnewUITestsLaunchTests.swift in Sources */ = {isa = PBXBuildFile; fileRef = 45D54C6A2768A8F100DEDBE3 /* vivantnewUITestsLaunchTests.swift */; };
		45D54C782768ABED00DEDBE3 /* webcalls.swift in Sources */ = {isa = PBXBuildFile; fileRef = 45D54C772768ABED00DEDBE3 /* webcalls.swift */; };
/* End PBXBuildFile section */

/* Begin PBXContainerItemProxy section */
		45D54C5B2768A8F100DEDBE3 /* PBXContainerItemProxy */ = {
			isa = PBXContainerItemProxy;
			containerPortal = 45D54C3C2768A8F000DEDBE3 /* Project object */;
			proxyType = 1;
			remoteGlobalIDString = 45D54C432768A8F000DEDBE3;
			remoteInfo = vivantnew;
		};
		45D54C652768A8F100DEDBE3 /* PBXContainerItemProxy */ = {
			isa = PBXContainerItemProxy;
			containerPortal = 45D54C3C2768A8F000DEDBE3 /* Project object */;
			proxyType = 1;
			remoteGlobalIDString = 45D54C432768A8F000DEDBE3;
			remoteInfo = vivantnew;
		};
/* End PBXContainerItemProxy section */

/* Begin PBXFileReference section */
		4552176C277C6F7B005CB18B /* webviewcontroller.swift */ = {isa = PBXFileReference; lastKnownFileType = sourcecode.swift; path = webviewcontroller.swift; sourceTree = "<group>"; };
		4552176E277C75C8005CB18B /* Userscript.js */ = {isa = PBXFileReference; fileEncoding = 4; lastKnownFileType = sourcecode.javascript; path = Userscript.js; sourceTree = "<group>"; };
		4566BACB277722170031CAD6 /* Image-2.jpeg */ = {isa = PBXFileReference; lastKnownFileType = image.jpeg; path = "Image-2.jpeg"; sourceTree = "<group>"; };
		4566BACD2777224B0031CAD6 /* Image.jpeg */ = {isa = PBXFileReference; lastKnownFileType = image.jpeg; path = Image.jpeg; sourceTree = "<group>"; };
		4574A81B277486FE00736FDE /* login_ViewController.swift */ = {isa = PBXFileReference; lastKnownFileType = sourcecode.swift; path = login_ViewController.swift; sourceTree = "<group>"; };
		4574A81D2774A99B00736FDE /* Logo1png.png */ = {isa = PBXFileReference; lastKnownFileType = image.png; name = Logo1png.png; path = Assets.xcassets/Logo1png.png; sourceTree = "<group>"; };
		45D54C442768A8F000DEDBE3 /* vivantnew.app */ = {isa = PBXFileReference; explicitFileType = wrapper.application; includeInIndex = 0; path = vivantnew.app; sourceTree = BUILT_PRODUCTS_DIR; };
		45D54C472768A8F000DEDBE3 /* AppDelegate.swift */ = {isa = PBXFileReference; lastKnownFileType = sourcecode.swift; path = AppDelegate.swift; sourceTree = "<group>"; };
		45D54C492768A8F000DEDBE3 /* SceneDelegate.swift */ = {isa = PBXFileReference; lastKnownFileType = sourcecode.swift; path = SceneDelegate.swift; sourceTree = "<group>"; };
		45D54C4B2768A8F000DEDBE3 /* ViewController.swift */ = {isa = PBXFileReference; lastKnownFileType = sourcecode.swift; path = ViewController.swift; sourceTree = "<group>"; };
		45D54C4E2768A8F000DEDBE3 /* Base */ = {isa = PBXFileReference; lastKnownFileType = file.storyboard; name = Base; path = Base.lproj/Main.storyboard; sourceTree = "<group>"; };
		45D54C502768A8F100DEDBE3 /* Assets.xcassets */ = {isa = PBXFileReference; lastKnownFileType = folder.assetcatalog; path = Assets.xcassets; sourceTree = "<group>"; };
		45D54C532768A8F100DEDBE3 /* Base */ = {isa = PBXFileReference; lastKnownFileType = file.storyboard; name = Base; path = Base.lproj/LaunchScreen.storyboard; sourceTree = "<group>"; };
		45D54C552768A8F100DEDBE3 /* Info.plist */ = {isa = PBXFileReference; lastKnownFileType = text.plist.xml; path = Info.plist; sourceTree = "<group>"; };
		45D54C5A2768A8F100DEDBE3 /* vivantnewTests.xctest */ = {isa = PBXFileReference; explicitFileType = wrapper.cfbundle; includeInIndex = 0; path = vivantnewTests.xctest; sourceTree = BUILT_PRODUCTS_DIR; };
		45D54C5E2768A8F100DEDBE3 /* vivantnewTests.swift */ = {isa = PBXFileReference; lastKnownFileType = sourcecode.swift; path = vivantnewTests.swift; sourceTree = "<group>"; };
		45D54C642768A8F100DEDBE3 /* vivantnewUITests.xctest */ = {isa = PBXFileReference; explicitFileType = wrapper.cfbundle; includeInIndex = 0; path = vivantnewUITests.xctest; sourceTree = BUILT_PRODUCTS_DIR; };
		45D54C682768A8F100DEDBE3 /* vivantnewUITests.swift */ = {isa = PBXFileReference; lastKnownFileType = sourcecode.swift; path = vivantnewUITests.swift; sourceTree = "<group>"; };
		45D54C6A2768A8F100DEDBE3 /* vivantnewUITestsLaunchTests.swift */ = {isa = PBXFileReference; lastKnownFileType = sourcecode.swift; path = vivantnewUITestsLaunchTests.swift; sourceTree = "<group>"; };
		45D54C772768ABED00DEDBE3 /* webcalls.swift */ = {isa = PBXFileReference; fileEncoding = 4; lastKnownFileType = sourcecode.swift; path = webcalls.swift; sourceTree = "<group>"; };
/* End PBXFileReference section */

/* Begin PBXFrameworksBuildPhase section */
		45D54C412768A8F000DEDBE3 /* Frameworks */ = {
			isa = PBXFrameworksBuildPhase;
			buildActionMask = 2147483647;
			files = (
			);
			runOnlyForDeploymentPostprocessing = 0;
		};
		45D54C572768A8F100DEDBE3 /* Frameworks */ = {
			isa = PBXFrameworksBuildPhase;
			buildActionMask = 2147483647;
			files = (
			);
			runOnlyForDeploymentPostprocessing = 0;
		};
		45D54C612768A8F100DEDBE3 /* Frameworks */ = {
			isa = PBXFrameworksBuildPhase;
			buildActionMask = 2147483647;
			files = (
			);
			runOnlyForDeploymentPostprocessing = 0;
		};
/* End PBXFrameworksBuildPhase section */

/* Begin PBXGroup section */
		45D54C3B2768A8F000DEDBE3 = {
			isa = PBXGroup;
			children = (
				45D54C462768A8F000DEDBE3 /* vivantnew */,
				45D54C5D2768A8F100DEDBE3 /* vivantnewTests */,
				45D54C672768A8F100DEDBE3 /* vivantnewUITests */,
				45D54C452768A8F000DEDBE3 /* Products */,
			);
			sourceTree = "<group>";
		};
		45D54C452768A8F000DEDBE3 /* Products */ = {
			isa = PBXGroup;
			children = (
				45D54C442768A8F000DEDBE3 /* vivantnew.app */,
				45D54C5A2768A8F100DEDBE3 /* vivantnewTests.xctest */,
				45D54C642768A8F100DEDBE3 /* vivantnewUITests.xctest */,
			);
			name = Products;
			sourceTree = "<group>";
		};
		45D54C462768A8F000DEDBE3 /* vivantnew */ = {
			isa = PBXGroup;
			children = (
				4552176E277C75C8005CB18B /* Userscript.js */,
				4566BACB277722170031CAD6 /* Image-2.jpeg */,
				4566BACD2777224B0031CAD6 /* Image.jpeg */,
				4574A81D2774A99B00736FDE /* Logo1png.png */,
				45D54C772768ABED00DEDBE3 /* webcalls.swift */,
				45D54C472768A8F000DEDBE3 /* AppDelegate.swift */,
				45D54C492768A8F000DEDBE3 /* SceneDelegate.swift */,
				45D54C4B2768A8F000DEDBE3 /* ViewController.swift */,
				45D54C4D2768A8F000DEDBE3 /* Main.storyboard */,
				4574A81B277486FE00736FDE /* login_ViewController.swift */,
				4552176C277C6F7B005CB18B /* webviewcontroller.swift */,
				45D54C502768A8F100DEDBE3 /* Assets.xcassets */,
				45D54C522768A8F100DEDBE3 /* LaunchScreen.storyboard */,
				45D54C552768A8F100DEDBE3 /* Info.plist */,
			);
			path = vivantnew;
			sourceTree = "<group>";
		};
		45D54C5D2768A8F100DEDBE3 /* vivantnewTests */ = {
			isa = PBXGroup;
			children = (
				45D54C5E2768A8F100DEDBE3 /* vivantnewTests.swift */,
			);
			path = vivantnewTests;
			sourceTree = "<group>";
		};
		45D54C672768A8F100DEDBE3 /* vivantnewUITests */ = {
			isa = PBXGroup;
			children = (
				45D54C682768A8F100DEDBE3 /* vivantnewUITests.swift */,
				45D54C6A2768A8F100DEDBE3 /* vivantnewUITestsLaunchTests.swift */,
			);
			path = vivantnewUITests;
			sourceTree = "<group>";
		};
/* End PBXGroup section */

/* Begin PBXNativeTarget section */
		45D54C432768A8F000DEDBE3 /* vivantnew */ = {
			isa = PBXNativeTarget;
			buildConfigurationList = 45D54C6E2768A8F100DEDBE3 /* Build configuration list for PBXNativeTarget "vivantnew" */;
			buildPhases = (
				45D54C402768A8F000DEDBE3 /* Sources */,
				45D54C412768A8F000DEDBE3 /* Frameworks */,
				45D54C422768A8F000DEDBE3 /* Resources */,
			);
			buildRules = (
			);
			dependencies = (
			);
			name = vivantnew;
			productName = vivantnew;
			productReference = 45D54C442768A8F000DEDBE3 /* vivantnew.app */;
			productType = "com.apple.product-type.application";
		};
		45D54C592768A8F100DEDBE3 /* vivantnewTests */ = {
			isa = PBXNativeTarget;
			buildConfigurationList = 45D54C712768A8F100DEDBE3 /* Build configuration list for PBXNativeTarget "vivantnewTests" */;
			buildPhases = (
				45D54C562768A8F100DEDBE3 /* Sources */,
				45D54C572768A8F100DEDBE3 /* Frameworks */,
				45D54C582768A8F100DEDBE3 /* Resources */,
			);
			buildRules = (
			);
			dependencies = (
				45D54C5C2768A8F100DEDBE3 /* PBXTargetDependency */,
			);
			name = vivantnewTests;
			productName = vivantnewTests;
			productReference = 45D54C5A2768A8F100DEDBE3 /* vivantnewTests.xctest */;
			productType = "com.apple.product-type.bundle.unit-test";
		};
		45D54C632768A8F100DEDBE3 /* vivantnewUITests */ = {
			isa = PBXNativeTarget;
			buildConfigurationList = 45D54C742768A8F100DEDBE3 /* Build configuration list for PBXNativeTarget "vivantnewUITests" */;
			buildPhases = (
				45D54C602768A8F100DEDBE3 /* Sources */,
				45D54C612768A8F100DEDBE3 /* Frameworks */,
				45D54C622768A8F100DEDBE3 /* Resources */,
			);
			buildRules = (
			);
			dependencies = (
				45D54C662768A8F100DEDBE3 /* PBXTargetDependency */,
			);
			name = vivantnewUITests;
			productName = vivantnewUITests;
			productReference = 45D54C642768A8F100DEDBE3 /* vivantnewUITests.xctest */;
			productType = "com.apple.product-type.bundle.ui-testing";
		};
/* End PBXNativeTarget section */

/* Begin PBXProject section */
		45D54C3C2768A8F000DEDBE3 /* Project object */ = {
			isa = PBXProject;
			attributes = {
				BuildIndependentTargetsInParallel = 1;
				LastSwiftUpdateCheck = 1310;
				LastUpgradeCheck = 1310;
				TargetAttributes = {
					45D54C432768A8F000DEDBE3 = {
						CreatedOnToolsVersion = 13.1;
					};
					45D54C592768A8F100DEDBE3 = {
						CreatedOnToolsVersion = 13.1;
						TestTargetID = 45D54C432768A8F000DEDBE3;
					};
					45D54C632768A8F100DEDBE3 = {
						CreatedOnToolsVersion = 13.1;
						TestTargetID = 45D54C432768A8F000DEDBE3;
					};
				};
			};
			buildConfigurationList = 45D54C3F2768A8F000DEDBE3 /* Build configuration list for PBXProject "vivantnew" */;
			compatibilityVersion = "Xcode 13.0";
			developmentRegion = en;
			hasScannedForEncodings = 0;
			knownRegions = (
				en,
				Base,
			);
			mainGroup = 45D54C3B2768A8F000DEDBE3;
			productRefGroup = 45D54C452768A8F000DEDBE3 /* Products */;
			projectDirPath = "";
			projectRoot = "";
			targets = (
				45D54C432768A8F000DEDBE3 /* vivantnew */,
				45D54C592768A8F100DEDBE3 /* vivantnewTests */,
				45D54C632768A8F100DEDBE3 /* vivantnewUITests */,
			);
		};
/* End PBXProject section */

/* Begin PBXResourcesBuildPhase section */
		45D54C422768A8F000DEDBE3 /* Resources */ = {
			isa = PBXResourcesBuildPhase;
			buildActionMask = 2147483647;
			files = (
				4566BACC277722170031CAD6 /* Image-2.jpeg in Resources */,
				4566BACE2777224B0031CAD6 /* Image.jpeg in Resources */,
				4552176F277C75C8005CB18B /* Userscript.js in Resources */,
				45D54C542768A8F100DEDBE3 /* LaunchScreen.storyboard in Resources */,
				45D54C512768A8F100DEDBE3 /* Assets.xcassets in Resources */,
				4574A81E2774A99B00736FDE /* Logo1png.png in Resources */,
				45D54C4F2768A8F000DEDBE3 /* Main.storyboard in Resources */,
			);
			runOnlyForDeploymentPostprocessing = 0;
		};
		45D54C582768A8F100DEDBE3 /* Resources */ = {
			isa = PBXResourcesBuildPhase;
			buildActionMask = 2147483647;
			files = (
			);
			runOnlyForDeploymentPostprocessing = 0;
		};
		45D54C622768A8F100DEDBE3 /* Resources */ = {
			isa = PBXResourcesBuildPhase;
			buildActionMask = 2147483647;
			files = (
			);
			runOnlyForDeploymentPostprocessing = 0;
		};
/* End PBXResourcesBuildPhase section */

/* Begin PBXSourcesBuildPhase section */
		45D54C402768A8F000DEDBE3 /* Sources */ = {
			isa = PBXSourcesBuildPhase;
			buildActionMask = 2147483647;
			files = (
				45D54C4C2768A8F000DEDBE3 /* ViewController.swift in Sources */,
				45D54C482768A8F000DEDBE3 /* AppDelegate.swift in Sources */,
				45D54C782768ABED00DEDBE3 /* webcalls.swift in Sources */,
				4574A81C277486FE00736FDE /* login_ViewController.swift in Sources */,
				45D54C4A2768A8F000DEDBE3 /* SceneDelegate.swift in Sources */,
				4552176D277C6F7B005CB18B /* webviewcontroller.swift in Sources */,
			);
			runOnlyForDeploymentPostprocessing = 0;
		};
		45D54C562768A8F100DEDBE3 /* Sources */ = {
			isa = PBXSourcesBuildPhase;
			buildActionMask = 2147483647;
			files = (
				45D54C5F2768A8F100DEDBE3 /* vivantnewTests.swift in Sources */,
			);
			runOnlyForDeploymentPostprocessing = 0;
		};
		45D54C602768A8F100DEDBE3 /* Sources */ = {
			isa = PBXSourcesBuildPhase;
			buildActionMask = 2147483647;
			files = (
				45D54C692768A8F100DEDBE3 /* vivantnewUITests.swift in Sources */,
				45D54C6B2768A8F100DEDBE3 /* vivantnewUITestsLaunchTests.swift in Sources */,
			);
			runOnlyForDeploymentPostprocessing = 0;
		};
/* End PBXSourcesBuildPhase section */

/* Begin PBXTargetDependency section */
		45D54C5C2768A8F100DEDBE3 /* PBXTargetDependency */ = {
			isa = PBXTargetDependency;
			target = 45D54C432768A8F000DEDBE3 /* vivantnew */;
			targetProxy = 45D54C5B2768A8F100DEDBE3 /* PBXContainerItemProxy */;
		};
		45D54C662768A8F100DEDBE3 /* PBXTargetDependency */ = {
			isa = PBXTargetDependency;
			target = 45D54C432768A8F000DEDBE3 /* vivantnew */;
			targetProxy = 45D54C652768A8F100DEDBE3 /* PBXContainerItemProxy */;
		};
/* End PBXTargetDependency section */

/* Begin PBXVariantGroup section */
		45D54C4D2768A8F000DEDBE3 /* Main.storyboard */ = {
			isa = PBXVariantGroup;
			children = (
				45D54C4E2768A8F000DEDBE3 /* Base */,
			);
			name = Main.storyboard;
			sourceTree = "<group>";
		};
		45D54C522768A8F100DEDBE3 /* LaunchScreen.storyboard */ = {
			isa = PBXVariantGroup;
			children = (
				45D54C532768A8F100DEDBE3 /* Base */,
			);
			name = LaunchScreen.storyboard;
			sourceTree = "<group>";
		};
/* End PBXVariantGroup section */

/* Begin XCBuildConfiguration section */
		45D54C6C2768A8F100DEDBE3 /* Debug */ = {
			isa = XCBuildConfiguration;
			buildSettings = {
				ALWAYS_SEARCH_USER_PATHS = NO;
				CLANG_ANALYZER_NONNULL = YES;
				CLANG_ANALYZER_NUMBER_OBJECT_CONVERSION = YES_AGGRESSIVE;
				CLANG_CXX_LANGUAGE_STANDARD = "gnu++17";
				CLANG_CXX_LIBRARY = "libc++";
				CLANG_ENABLE_MODULES = YES;
				CLANG_ENABLE_OBJC_ARC = YES;
				CLANG_ENABLE_OBJC_WEAK = YES;
				CLANG_WARN_BLOCK_CAPTURE_AUTORELEASING = YES;
				CLANG_WARN_BOOL_CONVERSION = YES;
				CLANG_WARN_COMMA = YES;
				CLANG_WARN_CONSTANT_CONVERSION = YES;
				CLANG_WARN_DEPRECATED_OBJC_IMPLEMENTATIONS = YES;
				CLANG_WARN_DIRECT_OBJC_ISA_USAGE = YES_ERROR;
				CLANG_WARN_DOCUMENTATION_COMMENTS = YES;
				CLANG_WARN_EMPTY_BODY = YES;
				CLANG_WARN_ENUM_CONVERSION = YES;
				CLANG_WARN_INFINITE_RECURSION = YES;
				CLANG_WARN_INT_CONVERSION = YES;
				CLANG_WARN_NON_LITERAL_NULL_CONVERSION = YES;
				CLANG_WARN_OBJC_IMPLICIT_RETAIN_SELF = YES;
				CLANG_WARN_OBJC_LITERAL_CONVERSION = YES;
				CLANG_WARN_OBJC_ROOT_CLASS = YES_ERROR;
				CLANG_WARN_QUOTED_INCLUDE_IN_FRAMEWORK_HEADER = YES;
				CLANG_WARN_RANGE_LOOP_ANALYSIS = YES;
				CLANG_WARN_STRICT_PROTOTYPES = YES;
				CLANG_WARN_SUSPICIOUS_MOVE = YES;
				CLANG_WARN_UNGUARDED_AVAILABILITY = YES_AGGRESSIVE;
				CLANG_WARN_UNREACHABLE_CODE = YES;
				CLANG_WARN__DUPLICATE_METHOD_MATCH = YES;
				COPY_PHASE_STRIP = NO;
				DEBUG_INFORMATION_FORMAT = dwarf;
				ENABLE_STRICT_OBJC_MSGSEND = YES;
				ENABLE_TESTABILITY = YES;
				GCC_C_LANGUAGE_STANDARD = gnu11;
				GCC_DYNAMIC_NO_PIC = NO;
				GCC_NO_COMMON_BLOCKS = YES;
				GCC_OPTIMIZATION_LEVEL = 0;
				GCC_PREPROCESSOR_DEFINITIONS = (
					"DEBUG=1",
					"$(inherited)",
				);
				GCC_WARN_64_TO_32_BIT_CONVERSION = YES;
				GCC_WARN_ABOUT_RETURN_TYPE = YES_ERROR;
				GCC_WARN_UNDECLARED_SELECTOR = YES;
				GCC_WARN_UNINITIALIZED_AUTOS = YES_AGGRESSIVE;
				GCC_WARN_UNUSED_FUNCTION = YES;
				GCC_WARN_UNUSED_VARIABLE = YES;
				IPHONEOS_DEPLOYMENT_TARGET = 15.0;
				MTL_ENABLE_DEBUG_INFO = INCLUDE_SOURCE;
				MTL_FAST_MATH = YES;
				ONLY_ACTIVE_ARCH = YES;
				SDKROOT = iphoneos;
				SWIFT_ACTIVE_COMPILATION_CONDITIONS = DEBUG;
				SWIFT_OPTIMIZATION_LEVEL = "-Onone";
			};
			name = Debug;
		};
		45D54C6D2768A8F100DEDBE3 /* Release */ = {
			isa = XCBuildConfiguration;
			buildSettings = {
				ALWAYS_SEARCH_USER_PATHS = NO;
				CLANG_ANALYZER_NONNULL = YES;
				CLANG_ANALYZER_NUMBER_OBJECT_CONVERSION = YES_AGGRESSIVE;
				CLANG_CXX_LANGUAGE_STANDARD = "gnu++17";
				CLANG_CXX_LIBRARY = "libc++";
				CLANG_ENABLE_MODULES = YES;
				CLANG_ENABLE_OBJC_ARC = YES;
				CLANG_ENABLE_OBJC_WEAK = YES;
				CLANG_WARN_BLOCK_CAPTURE_AUTORELEASING = YES;
				CLANG_WARN_BOOL_CONVERSION = YES;
				CLANG_WARN_COMMA = YES;
				CLANG_WARN_CONSTANT_CONVERSION = YES;
				CLANG_WARN_DEPRECATED_OBJC_IMPLEMENTATIONS = YES;
				CLANG_WARN_DIRECT_OBJC_ISA_USAGE = YES_ERROR;
				CLANG_WARN_DOCUMENTATION_COMMENTS = YES;
				CLANG_WARN_EMPTY_BODY = YES;
				CLANG_WARN_ENUM_CONVERSION = YES;
				CLANG_WARN_INFINITE_RECURSION = YES;
				CLANG_WARN_INT_CONVERSION = YES;
				CLANG_WARN_NON_LITERAL_NULL_CONVERSION = YES;
				CLANG_WARN_OBJC_IMPLICIT_RETAIN_SELF = YES;
				CLANG_WARN_OBJC_LITERAL_CONVERSION = YES;
				CLANG_WARN_OBJC_ROOT_CLASS = YES_ERROR;
				CLANG_WARN_QUOTED_INCLUDE_IN_FRAMEWORK_HEADER = YES;
				CLANG_WARN_RANGE_LOOP_ANALYSIS = YES;
				CLANG_WARN_STRICT_PROTOTYPES = YES;
				CLANG_WARN_SUSPICIOUS_MOVE = YES;
				CLANG_WARN_UNGUARDED_AVAILABILITY = YES_AGGRESSIVE;
				CLANG_WARN_UNREACHABLE_CODE = YES;
				CLANG_WARN__DUPLICATE_METHOD_MATCH = YES;
				COPY_PHASE_STRIP = NO;
				DEBUG_INFORMATION_FORMAT = "dwarf-with-dsym";
				ENABLE_NS_ASSERTIONS = NO;
				ENABLE_STRICT_OBJC_MSGSEND = YES;
				GCC_C_LANGUAGE_STANDARD = gnu11;
				GCC_NO_COMMON_BLOCKS = YES;
				GCC_WARN_64_TO_32_BIT_CONVERSION = YES;
				GCC_WARN_ABOUT_RETURN_TYPE = YES_ERROR;
				GCC_WARN_UNDECLARED_SELECTOR = YES;
				GCC_WARN_UNINITIALIZED_AUTOS = YES_AGGRESSIVE;
				GCC_WARN_UNUSED_FUNCTION = YES;
				GCC_WARN_UNUSED_VARIABLE = YES;
				IPHONEOS_DEPLOYMENT_TARGET = 15.0;
				MTL_ENABLE_DEBUG_INFO = NO;
				MTL_FAST_MATH = YES;
				SDKROOT = iphoneos;
				SWIFT_COMPILATION_MODE = wholemodule;
				SWIFT_OPTIMIZATION_LEVEL = "-O";
				VALIDATE_PRODUCT = YES;
			};
			name = Release;
		};
		45D54C6F2768A8F100DEDBE3 /* Debug */ = {
			isa = XCBuildConfiguration;
			buildSettings = {
				ASSETCATALOG_COMPILER_APPICON_NAME = AppIcon;
				ASSETCATALOG_COMPILER_GLOBAL_ACCENT_COLOR_NAME = AccentColor;
				CODE_SIGN_STYLE = Automatic;
				CURRENT_PROJECT_VERSION = 1;
				DEVELOPMENT_TEAM = 995Y7PQDKQ;
				GENERATE_INFOPLIST_FILE = YES;
				INFOPLIST_FILE = vivantnew/Info.plist;
				INFOPLIST_KEY_NSCameraUsageDescription = "If you want to use the camera, you have to give permission.";
				INFOPLIST_KEY_NSFaceIDUsageDescription = "Please allow FaceID usage";
				INFOPLIST_KEY_NSMicrophoneUsageDescription = "If you want to use the microphone, you have to give permission.";
				INFOPLIST_KEY_UIApplicationSupportsIndirectInputEvents = YES;
				INFOPLIST_KEY_UILaunchStoryboardName = LaunchScreen;
				INFOPLIST_KEY_UIMainStoryboardFile = Main;
				INFOPLIST_KEY_UISupportedInterfaceOrientations_iPad = "UIInterfaceOrientationPortrait UIInterfaceOrientationPortraitUpsideDown UIInterfaceOrientationLandscapeLeft UIInterfaceOrientationLandscapeRight";
				INFOPLIST_KEY_UISupportedInterfaceOrientations_iPhone = "UIInterfaceOrientationPortrait UIInterfaceOrientationLandscapeLeft UIInterfaceOrientationLandscapeRight";
				LD_RUNPATH_SEARCH_PATHS = (
					"$(inherited)",
					"@executable_path/Frameworks",
				);
				MARKETING_VERSION = 1.0;
				PRODUCT_BUNDLE_IDENTIFIER = com.makhir.vivantnew;
				PRODUCT_NAME = "$(TARGET_NAME)";
				SWIFT_EMIT_LOC_STRINGS = YES;
				SWIFT_VERSION = 5.0;
				TARGETED_DEVICE_FAMILY = "1,2";
			};
			name = Debug;
		};
		45D54C702768A8F100DEDBE3 /* Release */ = {
			isa = XCBuildConfiguration;
			buildSettings = {
				ASSETCATALOG_COMPILER_APPICON_NAME = AppIcon;
				ASSETCATALOG_COMPILER_GLOBAL_ACCENT_COLOR_NAME = AccentColor;
				CODE_SIGN_STYLE = Automatic;
				CURRENT_PROJECT_VERSION = 1;
				DEVELOPMENT_TEAM = 995Y7PQDKQ;
				GENERATE_INFOPLIST_FILE = YES;
				INFOPLIST_FILE = vivantnew/Info.plist;
				INFOPLIST_KEY_NSCameraUsageDescription = "If you want to use the camera, you have to give permission.";
				INFOPLIST_KEY_NSFaceIDUsageDescription = "Please allow FaceID usage";
				INFOPLIST_KEY_NSMicrophoneUsageDescription = "If you want to use the microphone, you have to give permission.";
				INFOPLIST_KEY_UIApplicationSupportsIndirectInputEvents = YES;
				INFOPLIST_KEY_UILaunchStoryboardName = LaunchScreen;
				INFOPLIST_KEY_UIMainStoryboardFile = Main;
				INFOPLIST_KEY_UISupportedInterfaceOrientations_iPad = "UIInterfaceOrientationPortrait UIInterfaceOrientationPortraitUpsideDown UIInterfaceOrientationLandscapeLeft UIInterfaceOrientationLandscapeRight";
				INFOPLIST_KEY_UISupportedInterfaceOrientations_iPhone = "UIInterfaceOrientationPortrait UIInterfaceOrientationLandscapeLeft UIInterfaceOrientationLandscapeRight";
				LD_RUNPATH_SEARCH_PATHS = (
					"$(inherited)",
					"@executable_path/Frameworks",
				);
				MARKETING_VERSION = 1.0;
				PRODUCT_BUNDLE_IDENTIFIER = com.makhir.vivantnew;
				PRODUCT_NAME = "$(TARGET_NAME)";
				SWIFT_EMIT_LOC_STRINGS = YES;
				SWIFT_VERSION = 5.0;
				TARGETED_DEVICE_FAMILY = "1,2";
			};
			name = Release;
		};
		45D54C722768A8F100DEDBE3 /* Debug */ = {
			isa = XCBuildConfiguration;
			buildSettings = {
				ALWAYS_EMBED_SWIFT_STANDARD_LIBRARIES = YES;
				BUNDLE_LOADER = "$(TEST_HOST)";
				CODE_SIGN_STYLE = Automatic;
				CURRENT_PROJECT_VERSION = 1;
				DEVELOPMENT_TEAM = 995Y7PQDKQ;
				GENERATE_INFOPLIST_FILE = YES;
				IPHONEOS_DEPLOYMENT_TARGET = 15.0;
				LD_RUNPATH_SEARCH_PATHS = (
					"$(inherited)",
					"@executable_path/Frameworks",
					"@loader_path/Frameworks",
				);
				MARKETING_VERSION = 1.0;
				PRODUCT_BUNDLE_IDENTIFIER = com.makhir.vivantnewTests;
				PRODUCT_NAME = "$(TARGET_NAME)";
				SWIFT_EMIT_LOC_STRINGS = NO;
				SWIFT_VERSION = 5.0;
				TARGETED_DEVICE_FAMILY = "1,2";
				TEST_HOST = "$(BUILT_PRODUCTS_DIR)/vivantnew.app/vivantnew";
			};
			name = Debug;
		};
		45D54C732768A8F100DEDBE3 /* Release */ = {
			isa = XCBuildConfiguration;
			buildSettings = {
				ALWAYS_EMBED_SWIFT_STANDARD_LIBRARIES = YES;
				BUNDLE_LOADER = "$(TEST_HOST)";
				CODE_SIGN_STYLE = Automatic;
				CURRENT_PROJECT_VERSION = 1;
				DEVELOPMENT_TEAM = 995Y7PQDKQ;
				GENERATE_INFOPLIST_FILE = YES;
				IPHONEOS_DEPLOYMENT_TARGET = 15.0;
				LD_RUNPATH_SEARCH_PATHS = (
					"$(inherited)",
					"@executable_path/Frameworks",
					"@loader_path/Frameworks",
				);
				MARKETING_VERSION = 1.0;
				PRODUCT_BUNDLE_IDENTIFIER = com.makhir.vivantnewTests;
				PRODUCT_NAME = "$(TARGET_NAME)";
				SWIFT_EMIT_LOC_STRINGS = NO;
				SWIFT_VERSION = 5.0;
				TARGETED_DEVICE_FAMILY = "1,2";
				TEST_HOST = "$(BUILT_PRODUCTS_DIR)/vivantnew.app/vivantnew";
			};
			name = Release;
		};
		45D54C752768A8F100DEDBE3 /* Debug */ = {
			isa = XCBuildConfiguration;
			buildSettings = {
				ALWAYS_EMBED_SWIFT_STANDARD_LIBRARIES = YES;
				CODE_SIGN_STYLE = Automatic;
				CURRENT_PROJECT_VERSION = 1;
				DEVELOPMENT_TEAM = 995Y7PQDKQ;
				GENERATE_INFOPLIST_FILE = YES;
				LD_RUNPATH_SEARCH_PATHS = (
					"$(inherited)",
					"@executable_path/Frameworks",
					"@loader_path/Frameworks",
				);
				MARKETING_VERSION = 1.0;
				PRODUCT_BUNDLE_IDENTIFIER = com.makhir.vivantnewUITests;
				PRODUCT_NAME = "$(TARGET_NAME)";
				SWIFT_EMIT_LOC_STRINGS = NO;
				SWIFT_VERSION = 5.0;
				TARGETED_DEVICE_FAMILY = "1,2";
				TEST_TARGET_NAME = vivantnew;
			};
			name = Debug;
		};
		45D54C762768A8F100DEDBE3 /* Release */ = {
			isa = XCBuildConfiguration;
			buildSettings = {
				ALWAYS_EMBED_SWIFT_STANDARD_LIBRARIES = YES;
				CODE_SIGN_STYLE = Automatic;
				CURRENT_PROJECT_VERSION = 1;
				DEVELOPMENT_TEAM = 995Y7PQDKQ;
				GENERATE_INFOPLIST_FILE = YES;
				LD_RUNPATH_SEARCH_PATHS = (
					"$(inherited)",
					"@executable_path/Frameworks",
					"@loader_path/Frameworks",
				);
				MARKETING_VERSION = 1.0;
				PRODUCT_BUNDLE_IDENTIFIER = com.makhir.vivantnewUITests;
				PRODUCT_NAME = "$(TARGET_NAME)";
				SWIFT_EMIT_LOC_STRINGS = NO;
				SWIFT_VERSION = 5.0;
				TARGETED_DEVICE_FAMILY = "1,2";
				TEST_TARGET_NAME = vivantnew;
			};
			name = Release;
		};
/* End XCBuildConfiguration section */

/* Begin XCConfigurationList section */
		45D54C3F2768A8F000DEDBE3 /* Build configuration list for PBXProject "vivantnew" */ = {
			isa = XCConfigurationList;
			buildConfigurations = (
				45D54C6C2768A8F100DEDBE3 /* Debug */,
				45D54C6D2768A8F100DEDBE3 /* Release */,
			);
			defaultConfigurationIsVisible = 0;
			defaultConfigurationName = Release;
		};
		45D54C6E2768A8F100DEDBE3 /* Build configuration list for PBXNativeTarget "vivantnew" */ = {
			isa = XCConfigurationList;
			buildConfigurations = (
				45D54C6F2768A8F100DEDBE3 /* Debug */,
				45D54C702768A8F100DEDBE3 /* Release */,
			);
			defaultConfigurationIsVisible = 0;
			defaultConfigurationName = Release;
		};
		45D54C712768A8F100DEDBE3 /* Build configuration list for PBXNativeTarget "vivantnewTests" */ = {
			isa = XCConfigurationList;
			buildConfigurations = (
				45D54C722768A8F100DEDBE3 /* Debug */,
				45D54C732768A8F100DEDBE3 /* Release */,
			);
			defaultConfigurationIsVisible = 0;
			defaultConfigurationName = Release;
		};
		45D54C742768A8F100DEDBE3 /* Build configuration list for PBXNativeTarget "vivantnewUITests" */ = {
			isa = XCConfigurationList;
			buildConfigurations = (
				45D54C752768A8F100DEDBE3 /* Debug */,
				45D54C762768A8F100DEDBE3 /* Release */,
			);
			defaultConfigurationIsVisible = 0;
			defaultConfigurationName = Release;
		};
/* End XCConfigurationList section */
	};
	rootObject = 45D54C3C2768A8F000DEDBE3 /* Project object */;
}
